// !$*UTF8*$!
{
	archiveVersion = 1;
	classes = {
	};
	objectVersion = 56;
	objects = {

/* Begin PBXBuildFile section */
		E8C7B8682CEFA09D007E9EA6 /* AppDelegate.swift in Sources */ = {isa = PBXBuildFile; fileRef = E8C7B8672CEFA09D007E9EA6 /* AppDelegate.swift */; };
		E8C7B86A2CEFA09D007E9EA6 /* SceneDelegate.swift in Sources */ = {isa = PBXBuildFile; fileRef = E8C7B8692CEFA09D007E9EA6 /* SceneDelegate.swift */; };
		E8C7B86F2CEFA09D007E9EA6 /* Main.storyboard in Resources */ = {isa = PBXBuildFile; fileRef = E8C7B86D2CEFA09D007E9EA6 /* Main.storyboard */; };
		E8C7B8712CEFA09E007E9EA6 /* Assets.xcassets in Resources */ = {isa = PBXBuildFile; fileRef = E8C7B8702CEFA09E007E9EA6 /* Assets.xcassets */; };
		E8C7B8742CEFA09E007E9EA6 /* LaunchScreen.storyboard in Resources */ = {isa = PBXBuildFile; fileRef = E8C7B8722CEFA09E007E9EA6 /* LaunchScreen.storyboard */; };
		E8C7B8812CEFAD0F007E9EA6 /* VideoGame.swift in Sources */ = {isa = PBXBuildFile; fileRef = E8C7B8802CEFAD0F007E9EA6 /* VideoGame.swift */; };
		E8C7B8842CEFAD33007E9EA6 /* GameTableViewCell.swift in Sources */ = {isa = PBXBuildFile; fileRef = E8C7B8822CEFAD33007E9EA6 /* GameTableViewCell.swift */; };
		E8C7B8852CEFAD33007E9EA6 /* GameTableViewCell.xib in Resources */ = {isa = PBXBuildFile; fileRef = E8C7B8832CEFAD33007E9EA6 /* GameTableViewCell.xib */; };
		E8C7B8872CEFADCB007E9EA6 /* GameDetailsViewController.swift in Sources */ = {isa = PBXBuildFile; fileRef = E8C7B8862CEFADCB007E9EA6 /* GameDetailsViewController.swift */; };
		E8C7B8892CEFB908007E9EA6 /* GameViewController.swift in Sources */ = {isa = PBXBuildFile; fileRef = E8C7B8882CEFB908007E9EA6 /* GameViewController.swift */; };
		E8C7B88B2CEFBE57007E9EA6 /* MovieViewController.swift in Sources */ = {isa = PBXBuildFile; fileRef = E8C7B88A2CEFBE57007E9EA6 /* MovieViewController.swift */; };
		E8C7B88D2CEFBFAF007E9EA6 /* Movie.swift in Sources */ = {isa = PBXBuildFile; fileRef = E8C7B88C2CEFBFAF007E9EA6 /* Movie.swift */; };
		E8C7B88F2CEFC104007E9EA6 /* MovieDetailsViewController.swift in Sources */ = {isa = PBXBuildFile; fileRef = E8C7B88E2CEFC104007E9EA6 /* MovieDetailsViewController.swift */; };
		E8C7B8922CEFC5E2007E9EA6 /* MovieTableViewCell.swift in Sources */ = {isa = PBXBuildFile; fileRef = E8C7B8902CEFC5E2007E9EA6 /* MovieTableViewCell.swift */; };
		E8C7B8932CEFC5E2007E9EA6 /* MovieTableViewCell.xib in Resources */ = {isa = PBXBuildFile; fileRef = E8C7B8912CEFC5E2007E9EA6 /* MovieTableViewCell.xib */; };
		E8C7B8952CEFCA60007E9EA6 /* BookViewController.swift in Sources */ = {isa = PBXBuildFile; fileRef = E8C7B8942CEFCA60007E9EA6 /* BookViewController.swift */; };
		E8C7B8982CEFCA8E007E9EA6 /* BookTableViewCell.swift in Sources */ = {isa = PBXBuildFile; fileRef = E8C7B8962CEFCA8E007E9EA6 /* BookTableViewCell.swift */; };
		E8C7B8992CEFCA8E007E9EA6 /* BookTableViewCell.xib in Resources */ = {isa = PBXBuildFile; fileRef = E8C7B8972CEFCA8E007E9EA6 /* BookTableViewCell.xib */; };
		E8C7B89B2CEFCAE4007E9EA6 /* BookDetailsViewController.swift in Sources */ = {isa = PBXBuildFile; fileRef = E8C7B89A2CEFCAE4007E9EA6 /* BookDetailsViewController.swift */; };
		E8C7B89D2CEFCAFC007E9EA6 /* Book.swift in Sources */ = {isa = PBXBuildFile; fileRef = E8C7B89C2CEFCAFC007E9EA6 /* Book.swift */; };
/* End PBXBuildFile section */

/* Begin PBXFileReference section */
		E8C7B8642CEFA09D007E9EA6 /* TabBarApp.app */ = {isa = PBXFileReference; explicitFileType = wrapper.application; includeInIndex = 0; path = TabBarApp.app; sourceTree = BUILT_PRODUCTS_DIR; };
		E8C7B8672CEFA09D007E9EA6 /* AppDelegate.swift */ = {isa = PBXFileReference; lastKnownFileType = sourcecode.swift; path = AppDelegate.swift; sourceTree = "<group>"; };
		E8C7B8692CEFA09D007E9EA6 /* SceneDelegate.swift */ = {isa = PBXFileReference; lastKnownFileType = sourcecode.swift; path = SceneDelegate.swift; sourceTree = "<group>"; };
		E8C7B86E2CEFA09D007E9EA6 /* Base */ = {isa = PBXFileReference; lastKnownFileType = file.storyboard; name = Base; path = Base.lproj/Main.storyboard; sourceTree = "<group>"; };
		E8C7B8702CEFA09E007E9EA6 /* Assets.xcassets */ = {isa = PBXFileReference; lastKnownFileType = folder.assetcatalog; path = Assets.xcassets; sourceTree = "<group>"; };
		E8C7B8732CEFA09E007E9EA6 /* Base */ = {isa = PBXFileReference; lastKnownFileType = file.storyboard; name = Base; path = Base.lproj/LaunchScreen.storyboard; sourceTree = "<group>"; };
		E8C7B8752CEFA09E007E9EA6 /* Info.plist */ = {isa = PBXFileReference; lastKnownFileType = text.plist.xml; path = Info.plist; sourceTree = "<group>"; };
		E8C7B8802CEFAD0F007E9EA6 /* VideoGame.swift */ = {isa = PBXFileReference; lastKnownFileType = sourcecode.swift; path = VideoGame.swift; sourceTree = "<group>"; };
		E8C7B8822CEFAD33007E9EA6 /* GameTableViewCell.swift */ = {isa = PBXFileReference; lastKnownFileType = sourcecode.swift; path = GameTableViewCell.swift; sourceTree = "<group>"; };
		E8C7B8832CEFAD33007E9EA6 /* GameTableViewCell.xib */ = {isa = PBXFileReference; lastKnownFileType = file.xib; path = GameTableViewCell.xib; sourceTree = "<group>"; };
		E8C7B8862CEFADCB007E9EA6 /* GameDetailsViewController.swift */ = {isa = PBXFileReference; lastKnownFileType = sourcecode.swift; path = GameDetailsViewController.swift; sourceTree = "<group>"; };
		E8C7B8882CEFB908007E9EA6 /* GameViewController.swift */ = {isa = PBXFileReference; lastKnownFileType = sourcecode.swift; path = GameViewController.swift; sourceTree = "<group>"; };
		E8C7B88A2CEFBE57007E9EA6 /* MovieViewController.swift */ = {isa = PBXFileReference; lastKnownFileType = sourcecode.swift; path = MovieViewController.swift; sourceTree = "<group>"; };
		E8C7B88C2CEFBFAF007E9EA6 /* Movie.swift */ = {isa = PBXFileReference; lastKnownFileType = sourcecode.swift; path = Movie.swift; sourceTree = "<group>"; };
		E8C7B88E2CEFC104007E9EA6 /* MovieDetailsViewController.swift */ = {isa = PBXFileReference; lastKnownFileType = sourcecode.swift; path = MovieDetailsViewController.swift; sourceTree = "<group>"; };
		E8C7B8902CEFC5E2007E9EA6 /* MovieTableViewCell.swift */ = {isa = PBXFileReference; lastKnownFileType = sourcecode.swift; path = MovieTableViewCell.swift; sourceTree = "<group>"; };
		E8C7B8912CEFC5E2007E9EA6 /* MovieTableViewCell.xib */ = {isa = PBXFileReference; lastKnownFileType = file.xib; path = MovieTableViewCell.xib; sourceTree = "<group>"; };
		E8C7B8942CEFCA60007E9EA6 /* BookViewController.swift */ = {isa = PBXFileReference; lastKnownFileType = sourcecode.swift; path = BookViewController.swift; sourceTree = "<group>"; };
		E8C7B8962CEFCA8E007E9EA6 /* BookTableViewCell.swift */ = {isa = PBXFileReference; lastKnownFileType = sourcecode.swift; path = BookTableViewCell.swift; sourceTree = "<group>"; };
		E8C7B8972CEFCA8E007E9EA6 /* BookTableViewCell.xib */ = {isa = PBXFileReference; lastKnownFileType = file.xib; path = BookTableViewCell.xib; sourceTree = "<group>"; };
		E8C7B89A2CEFCAE4007E9EA6 /* BookDetailsViewController.swift */ = {isa = PBXFileReference; lastKnownFileType = sourcecode.swift; path = BookDetailsViewController.swift; sourceTree = "<group>"; };
		E8C7B89C2CEFCAFC007E9EA6 /* Book.swift */ = {isa = PBXFileReference; lastKnownFileType = sourcecode.swift; path = Book.swift; sourceTree = "<group>"; };
/* End PBXFileReference section */

/* Begin PBXFrameworksBuildPhase section */
		E8C7B8612CEFA09D007E9EA6 /* Frameworks */ = {
			isa = PBXFrameworksBuildPhase;
			buildActionMask = 2147483647;
			files = (
			);
			runOnlyForDeploymentPostprocessing = 0;
		};
/* End PBXFrameworksBuildPhase section */

/* Begin PBXGroup section */
		E8C7B85B2CEFA09D007E9EA6 = {
			isa = PBXGroup;
			children = (
				E8C7B8662CEFA09D007E9EA6 /* TabBarApp */,
				E8C7B8652CEFA09D007E9EA6 /* Products */,
			);
			sourceTree = "<group>";
		};
		E8C7B8652CEFA09D007E9EA6 /* Products */ = {
			isa = PBXGroup;
			children = (
				E8C7B8642CEFA09D007E9EA6 /* TabBarApp.app */,
			);
			name = Products;
			sourceTree = "<group>";
		};
		E8C7B8662CEFA09D007E9EA6 /* TabBarApp */ = {
			isa = PBXGroup;
			children = (
				E8C7B87D2CEFAC6F007E9EA6 /* Book */,
				E8C7B87C2CEFAC69007E9EA6 /* Movie */,
				E8C7B87B2CEFAC56007E9EA6 /* Game */,
				E8C7B8672CEFA09D007E9EA6 /* AppDelegate.swift */,
				E8C7B8692CEFA09D007E9EA6 /* SceneDelegate.swift */,
				E8C7B86D2CEFA09D007E9EA6 /* Main.storyboard */,
				E8C7B8702CEFA09E007E9EA6 /* Assets.xcassets */,
				E8C7B8722CEFA09E007E9EA6 /* LaunchScreen.storyboard */,
				E8C7B8752CEFA09E007E9EA6 /* Info.plist */,
			);
			path = TabBarApp;
			sourceTree = "<group>";
		};
		E8C7B87B2CEFAC56007E9EA6 /* Game */ = {
			isa = PBXGroup;
			children = (
				E8C7B8882CEFB908007E9EA6 /* GameViewController.swift */,
				E8C7B8802CEFAD0F007E9EA6 /* VideoGame.swift */,
				E8C7B8822CEFAD33007E9EA6 /* GameTableViewCell.swift */,
				E8C7B8862CEFADCB007E9EA6 /* GameDetailsViewController.swift */,
				E8C7B8832CEFAD33007E9EA6 /* GameTableViewCell.xib */,
			);
			path = Game;
			sourceTree = "<group>";
		};
		E8C7B87C2CEFAC69007E9EA6 /* Movie */ = {
			isa = PBXGroup;
			children = (
				E8C7B88A2CEFBE57007E9EA6 /* MovieViewController.swift */,
				E8C7B88C2CEFBFAF007E9EA6 /* Movie.swift */,
				E8C7B88E2CEFC104007E9EA6 /* MovieDetailsViewController.swift */,
				E8C7B8902CEFC5E2007E9EA6 /* MovieTableViewCell.swift */,
				E8C7B8912CEFC5E2007E9EA6 /* MovieTableViewCell.xib */,
			);
			path = Movie;
			sourceTree = "<group>";
		};
		E8C7B87D2CEFAC6F007E9EA6 /* Book */ = {
			isa = PBXGroup;
			children = (
				E8C7B8942CEFCA60007E9EA6 /* BookViewController.swift */,
				E8C7B89C2CEFCAFC007E9EA6 /* Book.swift */,
				E8C7B89A2CEFCAE4007E9EA6 /* BookDetailsViewController.swift */,
				E8C7B8962CEFCA8E007E9EA6 /* BookTableViewCell.swift */,
				E8C7B8972CEFCA8E007E9EA6 /* BookTableViewCell.xib */,
			);
			path = Book;
			sourceTree = "<group>";
		};
/* End PBXGroup section */

/* Begin PBXNativeTarget section */
		E8C7B8632CEFA09D007E9EA6 /* TabBarApp */ = {
			isa = PBXNativeTarget;
			buildConfigurationList = E8C7B8782CEFA09E007E9EA6 /* Build configuration list for PBXNativeTarget "TabBarApp" */;
			buildPhases = (
				E8C7B8602CEFA09D007E9EA6 /* Sources */,
				E8C7B8612CEFA09D007E9EA6 /* Frameworks */,
				E8C7B8622CEFA09D007E9EA6 /* Resources */,
			);
			buildRules = (
			);
			dependencies = (
			);
			name = TabBarApp;
			productName = TabBarApp;
			productReference = E8C7B8642CEFA09D007E9EA6 /* TabBarApp.app */;
			productType = "com.apple.product-type.application";
		};
/* End PBXNativeTarget section */

/* Begin PBXProject section */
		E8C7B85C2CEFA09D007E9EA6 /* Project object */ = {
			isa = PBXProject;
			attributes = {
				BuildIndependentTargetsInParallel = 1;
				LastSwiftUpdateCheck = 1430;
				LastUpgradeCheck = 1430;
				TargetAttributes = {
					E8C7B8632CEFA09D007E9EA6 = {
						CreatedOnToolsVersion = 14.3.1;
					};
				};
			};
			buildConfigurationList = E8C7B85F2CEFA09D007E9EA6 /* Build configuration list for PBXProject "TabBarApp" */;
			compatibilityVersion = "Xcode 14.0";
			developmentRegion = en;
			hasScannedForEncodings = 0;
			knownRegions = (
				en,
				Base,
			);
			mainGroup = E8C7B85B2CEFA09D007E9EA6;
			productRefGroup = E8C7B8652CEFA09D007E9EA6 /* Products */;
			projectDirPath = "";
			projectRoot = "";
			targets = (
				E8C7B8632CEFA09D007E9EA6 /* TabBarApp */,
			);
		};
/* End PBXProject section */

/* Begin PBXResourcesBuildPhase section */
		E8C7B8622CEFA09D007E9EA6 /* Resources */ = {
			isa = PBXResourcesBuildPhase;
			buildActionMask = 2147483647;
			files = (
				E8C7B8742CEFA09E007E9EA6 /* LaunchScreen.storyboard in Resources */,
				E8C7B8932CEFC5E2007E9EA6 /* MovieTableViewCell.xib in Resources */,
				E8C7B8992CEFCA8E007E9EA6 /* BookTableViewCell.xib in Resources */,
				E8C7B8712CEFA09E007E9EA6 /* Assets.xcassets in Resources */,
				E8C7B86F2CEFA09D007E9EA6 /* Main.storyboard in Resources */,
				E8C7B8852CEFAD33007E9EA6 /* GameTableViewCell.xib in Resources */,
			);
			runOnlyForDeploymentPostprocessing = 0;
		};
/* End PBXResourcesBuildPhase section */

/* Begin PBXSourcesBuildPhase section */
		E8C7B8602CEFA09D007E9EA6 /* Sources */ = {
			isa = PBXSourcesBuildPhase;
			buildActionMask = 2147483647;
			files = (
				E8C7B8922CEFC5E2007E9EA6 /* MovieTableViewCell.swift in Sources */,
				E8C7B8892CEFB908007E9EA6 /* GameViewController.swift in Sources */,
				E8C7B89D2CEFCAFC007E9EA6 /* Book.swift in Sources */,
				E8C7B89B2CEFCAE4007E9EA6 /* BookDetailsViewController.swift in Sources */,
				E8C7B88B2CEFBE57007E9EA6 /* MovieViewController.swift in Sources */,
				E8C7B8952CEFCA60007E9EA6 /* BookViewController.swift in Sources */,
				E8C7B8982CEFCA8E007E9EA6 /* BookTableViewCell.swift in Sources */,
				E8C7B88F2CEFC104007E9EA6 /* MovieDetailsViewController.swift in Sources */,
				E8C7B8872CEFADCB007E9EA6 /* GameDetailsViewController.swift in Sources */,
				E8C7B8812CEFAD0F007E9EA6 /* VideoGame.swift in Sources */,
				E8C7B8682CEFA09D007E9EA6 /* AppDelegate.swift in Sources */,
				E8C7B86A2CEFA09D007E9EA6 /* SceneDelegate.swift in Sources */,
				E8C7B88D2CEFBFAF007E9EA6 /* Movie.swift in Sources */,
				E8C7B8842CEFAD33007E9EA6 /* GameTableViewCell.swift in Sources */,
			);
			runOnlyForDeploymentPostprocessing = 0;
		};
/* End PBXSourcesBuildPhase section */

/* Begin PBXVariantGroup section */
		E8C7B86D2CEFA09D007E9EA6 /* Main.storyboard */ = {
			isa = PBXVariantGroup;
			children = (
				E8C7B86E2CEFA09D007E9EA6 /* Base */,
			);
			name = Main.storyboard;
			sourceTree = "<group>";
		};
		E8C7B8722CEFA09E007E9EA6 /* LaunchScreen.storyboard */ = {
			isa = PBXVariantGroup;
			children = (
				E8C7B8732CEFA09E007E9EA6 /* Base */,
			);
			name = LaunchScreen.storyboard;
			sourceTree = "<group>";
		};
/* End PBXVariantGroup section */

/* Begin XCBuildConfiguration section */
		E8C7B8762CEFA09E007E9EA6 /* Debug */ = {
			isa = XCBuildConfiguration;
			buildSettings = {
				ALWAYS_SEARCH_USER_PATHS = NO;
				CLANG_ANALYZER_NONNULL = YES;
				CLANG_ANALYZER_NUMBER_OBJECT_CONVERSION = YES_AGGRESSIVE;
				CLANG_CXX_LANGUAGE_STANDARD = "gnu++20";
				CLANG_ENABLE_MODULES = YES;
				CLANG_ENABLE_OBJC_ARC = YES;
				CLANG_ENABLE_OBJC_WEAK = YES;
				CLANG_WARN_BLOCK_CAPTURE_AUTORELEASING = YES;
				CLANG_WARN_BOOL_CONVERSION = YES;
				CLANG_WARN_COMMA = YES;
				CLANG_WARN_CONSTANT_CONVERSION = YES;
				CLANG_WARN_DEPRECATED_OBJC_IMPLEMENTATIONS = YES;
				CLANG_WARN_DIRECT_OBJC_ISA_USAGE = YES_ERROR;
				CLANG_WARN_DOCUMENTATION_COMMENTS = YES;
				CLANG_WARN_EMPTY_BODY = YES;
				CLANG_WARN_ENUM_CONVERSION = YES;
				CLANG_WARN_INFINITE_RECURSION = YES;
				CLANG_WARN_INT_CONVERSION = YES;
				CLANG_WARN_NON_LITERAL_NULL_CONVERSION = YES;
				CLANG_WARN_OBJC_IMPLICIT_RETAIN_SELF = YES;
				CLANG_WARN_OBJC_LITERAL_CONVERSION = YES;
				CLANG_WARN_OBJC_ROOT_CLASS = YES_ERROR;
				CLANG_WARN_QUOTED_INCLUDE_IN_FRAMEWORK_HEADER = YES;
				CLANG_WARN_RANGE_LOOP_ANALYSIS = YES;
				CLANG_WARN_STRICT_PROTOTYPES = YES;
				CLANG_WARN_SUSPICIOUS_MOVE = YES;
				CLANG_WARN_UNGUARDED_AVAILABILITY = YES_AGGRESSIVE;
				CLANG_WARN_UNREACHABLE_CODE = YES;
				CLANG_WARN__DUPLICATE_METHOD_MATCH = YES;
				COPY_PHASE_STRIP = NO;
				DEBUG_INFORMATION_FORMAT = dwarf;
				ENABLE_STRICT_OBJC_MSGSEND = YES;
				ENABLE_TESTABILITY = YES;
				GCC_C_LANGUAGE_STANDARD = gnu11;
				GCC_DYNAMIC_NO_PIC = NO;
				GCC_NO_COMMON_BLOCKS = YES;
				GCC_OPTIMIZATION_LEVEL = 0;
				GCC_PREPROCESSOR_DEFINITIONS = (
					"DEBUG=1",
					"$(inherited)",
				);
				GCC_WARN_64_TO_32_BIT_CONVERSION = YES;
				GCC_WARN_ABOUT_RETURN_TYPE = YES_ERROR;
				GCC_WARN_UNDECLARED_SELECTOR = YES;
				GCC_WARN_UNINITIALIZED_AUTOS = YES_AGGRESSIVE;
				GCC_WARN_UNUSED_FUNCTION = YES;
				GCC_WARN_UNUSED_VARIABLE = YES;
				IPHONEOS_DEPLOYMENT_TARGET = 16.4;
				MTL_ENABLE_DEBUG_INFO = INCLUDE_SOURCE;
				MTL_FAST_MATH = YES;
				ONLY_ACTIVE_ARCH = YES;
				SDKROOT = iphoneos;
				SWIFT_ACTIVE_COMPILATION_CONDITIONS = DEBUG;
				SWIFT_OPTIMIZATION_LEVEL = "-Onone";
			};
			name = Debug;
		};
		E8C7B8772CEFA09E007E9EA6 /* Release */ = {
			isa = XCBuildConfiguration;
			buildSettings = {
				ALWAYS_SEARCH_USER_PATHS = NO;
				CLANG_ANALYZER_NONNULL = YES;
				CLANG_ANALYZER_NUMBER_OBJECT_CONVERSION = YES_AGGRESSIVE;
				CLANG_CXX_LANGUAGE_STANDARD = "gnu++20";
				CLANG_ENABLE_MODULES = YES;
				CLANG_ENABLE_OBJC_ARC = YES;
				CLANG_ENABLE_OBJC_WEAK = YES;
				CLANG_WARN_BLOCK_CAPTURE_AUTORELEASING = YES;
				CLANG_WARN_BOOL_CONVERSION = YES;
				CLANG_WARN_COMMA = YES;
				CLANG_WARN_CONSTANT_CONVERSION = YES;
				CLANG_WARN_DEPRECATED_OBJC_IMPLEMENTATIONS = YES;
				CLANG_WARN_DIRECT_OBJC_ISA_USAGE = YES_ERROR;
				CLANG_WARN_DOCUMENTATION_COMMENTS = YES;
				CLANG_WARN_EMPTY_BODY = YES;
				CLANG_WARN_ENUM_CONVERSION = YES;
				CLANG_WARN_INFINITE_RECURSION = YES;
				CLANG_WARN_INT_CONVERSION = YES;
				CLANG_WARN_NON_LITERAL_NULL_CONVERSION = YES;
				CLANG_WARN_OBJC_IMPLICIT_RETAIN_SELF = YES;
				CLANG_WARN_OBJC_LITERAL_CONVERSION = YES;
				CLANG_WARN_OBJC_ROOT_CLASS = YES_ERROR;
				CLANG_WARN_QUOTED_INCLUDE_IN_FRAMEWORK_HEADER = YES;
				CLANG_WARN_RANGE_LOOP_ANALYSIS = YES;
				CLANG_WARN_STRICT_PROTOTYPES = YES;
				CLANG_WARN_SUSPICIOUS_MOVE = YES;
				CLANG_WARN_UNGUARDED_AVAILABILITY = YES_AGGRESSIVE;
				CLANG_WARN_UNREACHABLE_CODE = YES;
				CLANG_WARN__DUPLICATE_METHOD_MATCH = YES;
				COPY_PHASE_STRIP = NO;
				DEBUG_INFORMATION_FORMAT = "dwarf-with-dsym";
				ENABLE_NS_ASSERTIONS = NO;
				ENABLE_STRICT_OBJC_MSGSEND = YES;
				GCC_C_LANGUAGE_STANDARD = gnu11;
				GCC_NO_COMMON_BLOCKS = YES;
				GCC_WARN_64_TO_32_BIT_CONVERSION = YES;
				GCC_WARN_ABOUT_RETURN_TYPE = YES_ERROR;
				GCC_WARN_UNDECLARED_SELECTOR = YES;
				GCC_WARN_UNINITIALIZED_AUTOS = YES_AGGRESSIVE;
				GCC_WARN_UNUSED_FUNCTION = YES;
				GCC_WARN_UNUSED_VARIABLE = YES;
				IPHONEOS_DEPLOYMENT_TARGET = 16.4;
				MTL_ENABLE_DEBUG_INFO = NO;
				MTL_FAST_MATH = YES;
				SDKROOT = iphoneos;
				SWIFT_COMPILATION_MODE = wholemodule;
				SWIFT_OPTIMIZATION_LEVEL = "-O";
				VALIDATE_PRODUCT = YES;
			};
			name = Release;
		};
		E8C7B8792CEFA09E007E9EA6 /* Debug */ = {
			isa = XCBuildConfiguration;
			buildSettings = {
				ASSETCATALOG_COMPILER_APPICON_NAME = AppIcon;
				ASSETCATALOG_COMPILER_GLOBAL_ACCENT_COLOR_NAME = AccentColor;
				CODE_SIGN_STYLE = Automatic;
				CURRENT_PROJECT_VERSION = 1;
				GENERATE_INFOPLIST_FILE = YES;
				INFOPLIST_FILE = TabBarApp/Info.plist;
				INFOPLIST_KEY_UIApplicationSupportsIndirectInputEvents = YES;
				INFOPLIST_KEY_UILaunchStoryboardName = LaunchScreen;
				INFOPLIST_KEY_UIMainStoryboardFile = Main;
				INFOPLIST_KEY_UISupportedInterfaceOrientations_iPad = "UIInterfaceOrientationPortrait UIInterfaceOrientationPortraitUpsideDown UIInterfaceOrientationLandscapeLeft UIInterfaceOrientationLandscapeRight";
				INFOPLIST_KEY_UISupportedInterfaceOrientations_iPhone = "UIInterfaceOrientationPortrait UIInterfaceOrientationLandscapeLeft UIInterfaceOrientationLandscapeRight";
				LD_RUNPATH_SEARCH_PATHS = (
					"$(inherited)",
					"@executable_path/Frameworks",
				);
				MARKETING_VERSION = 1.0;
				PRODUCT_BUNDLE_IDENTIFIER = com.assquire.TabBarApp;
				PRODUCT_NAME = "$(TARGET_NAME)";
				SWIFT_EMIT_LOC_STRINGS = YES;
				SWIFT_VERSION = 5.0;
				TARGETED_DEVICE_FAMILY = "1,2";
			};
			name = Debug;
		};
		E8C7B87A2CEFA09E007E9EA6 /* Release */ = {
			isa = XCBuildConfiguration;
			buildSettings = {
				ASSETCATALOG_COMPILER_APPICON_NAME = AppIcon;
				ASSETCATALOG_COMPILER_GLOBAL_ACCENT_COLOR_NAME = AccentColor;
				CODE_SIGN_STYLE = Automatic;
				CURRENT_PROJECT_VERSION = 1;
				GENERATE_INFOPLIST_FILE = YES;
				INFOPLIST_FILE = TabBarApp/Info.plist;
				INFOPLIST_KEY_UIApplicationSupportsIndirectInputEvents = YES;
				INFOPLIST_KEY_UILaunchStoryboardName = LaunchScreen;
				INFOPLIST_KEY_UIMainStoryboardFile = Main;
				INFOPLIST_KEY_UISupportedInterfaceOrientations_iPad = "UIInterfaceOrientationPortrait UIInterfaceOrientationPortraitUpsideDown UIInterfaceOrientationLandscapeLeft UIInterfaceOrientationLandscapeRight";
				INFOPLIST_KEY_UISupportedInterfaceOrientations_iPhone = "UIInterfaceOrientationPortrait UIInterfaceOrientationLandscapeLeft UIInterfaceOrientationLandscapeRight";
				LD_RUNPATH_SEARCH_PATHS = (
					"$(inherited)",
					"@executable_path/Frameworks",
				);
				MARKETING_VERSION = 1.0;
				PRODUCT_BUNDLE_IDENTIFIER = com.assquire.TabBarApp;
				PRODUCT_NAME = "$(TARGET_NAME)";
				SWIFT_EMIT_LOC_STRINGS = YES;
				SWIFT_VERSION = 5.0;
				TARGETED_DEVICE_FAMILY = "1,2";
			};
			name = Release;
		};
/* End XCBuildConfiguration section */

/* Begin XCConfigurationList section */
		E8C7B85F2CEFA09D007E9EA6 /* Build configuration list for PBXProject "TabBarApp" */ = {
			isa = XCConfigurationList;
			buildConfigurations = (
				E8C7B8762CEFA09E007E9EA6 /* Debug */,
				E8C7B8772CEFA09E007E9EA6 /* Release */,
			);
			defaultConfigurationIsVisible = 0;
			defaultConfigurationName = Release;
		};
		E8C7B8782CEFA09E007E9EA6 /* Build configuration list for PBXNativeTarget "TabBarApp" */ = {
			isa = XCConfigurationList;
			buildConfigurations = (
				E8C7B8792CEFA09E007E9EA6 /* Debug */,
				E8C7B87A2CEFA09E007E9EA6 /* Release */,
			);
			defaultConfigurationIsVisible = 0;
			defaultConfigurationName = Release;
		};
/* End XCConfigurationList section */
	};
	rootObject = E8C7B85C2CEFA09D007E9EA6 /* Project object */;
}
